// !$*UTF8*$!
{
	archiveVersion = 1;
	classes = {
	};
	objectVersion = 50;
	objects = {

/* Begin PBXBuildFile section */
		846B7BFE264511A000CA97A4 /* Onboarding.storyboard in Resources */ = {isa = PBXBuildFile; fileRef = 846B7BFD264511A000CA97A4 /* Onboarding.storyboard */; };
		846B7C002645195D00CA97A4 /* WalkthroughContentViewController.swift in Sources */ = {isa = PBXBuildFile; fileRef = 846B7BFF2645195D00CA97A4 /* WalkthroughContentViewController.swift */; };
		846B7C0226451CC700CA97A4 /* WalkthroughPageViewController.swift in Sources */ = {isa = PBXBuildFile; fileRef = 846B7C0126451CC700CA97A4 /* WalkthroughPageViewController.swift */; };
		846B7C0426451ED800CA97A4 /* WalkthroughViewController.swift in Sources */ = {isa = PBXBuildFile; fileRef = 846B7C0326451ED800CA97A4 /* WalkthroughViewController.swift */; };
		846FBFCE263FDBDD006342C7 /* AppDelegate.swift in Sources */ = {isa = PBXBuildFile; fileRef = 846FBFCD263FDBDD006342C7 /* AppDelegate.swift */; };
		846FBFD0263FDBDD006342C7 /* SceneDelegate.swift in Sources */ = {isa = PBXBuildFile; fileRef = 846FBFCF263FDBDD006342C7 /* SceneDelegate.swift */; };
		846FBFD2263FDBDD006342C7 /* ViewController.swift in Sources */ = {isa = PBXBuildFile; fileRef = 846FBFD1263FDBDD006342C7 /* ViewController.swift */; };
		846FBFD5263FDBDD006342C7 /* Main.storyboard in Resources */ = {isa = PBXBuildFile; fileRef = 846FBFD3263FDBDD006342C7 /* Main.storyboard */; };
		846FBFD7263FDBDF006342C7 /* Assets.xcassets in Resources */ = {isa = PBXBuildFile; fileRef = 846FBFD6263FDBDF006342C7 /* Assets.xcassets */; };
		846FBFDA263FDBDF006342C7 /* LaunchScreen.storyboard in Resources */ = {isa = PBXBuildFile; fileRef = 846FBFD8263FDBDF006342C7 /* LaunchScreen.storyboard */; };
		846FBFF1263FDE03006342C7 /* FMDatabase.m in Sources */ = {isa = PBXBuildFile; fileRef = 846FBFE6263FDE02006342C7 /* FMDatabase.m */; };
		846FBFF2263FDE03006342C7 /* FMDatabaseAdditions.m in Sources */ = {isa = PBXBuildFile; fileRef = 846FBFE7263FDE02006342C7 /* FMDatabaseAdditions.m */; };
		846FBFF3263FDE03006342C7 /* FMResultSet.m in Sources */ = {isa = PBXBuildFile; fileRef = 846FBFE8263FDE03006342C7 /* FMResultSet.m */; };
		846FBFF4263FDE03006342C7 /* FMDatabaseQueue.m in Sources */ = {isa = PBXBuildFile; fileRef = 846FBFEA263FDE03006342C7 /* FMDatabaseQueue.m */; };
		846FBFF5263FDE03006342C7 /* FMDatabasePool.m in Sources */ = {isa = PBXBuildFile; fileRef = 846FBFEC263FDE03006342C7 /* FMDatabasePool.m */; };
		846FBFF9263FDE50006342C7 /* Restaurant.swift in Sources */ = {isa = PBXBuildFile; fileRef = 846FBFF8263FDE50006342C7 /* Restaurant.swift */; };
		846FBFFC263FDE5A006342C7 /* RestaurantDAO.swift in Sources */ = {isa = PBXBuildFile; fileRef = 846FBFFB263FDE5A006342C7 /* RestaurantDAO.swift */; };
		846FC003263FDED2006342C7 /* RestaurantTableViewController.swift in Sources */ = {isa = PBXBuildFile; fileRef = 846FC002263FDED2006342C7 /* RestaurantTableViewController.swift */; };
		846FC007263FDEF5006342C7 /* RestaurantTableViewCell.swift in Sources */ = {isa = PBXBuildFile; fileRef = 846FC006263FDEF5006342C7 /* RestaurantTableViewCell.swift */; };
		846FC00F263FF688006342C7 /* RestaurantDetailViewController.swift in Sources */ = {isa = PBXBuildFile; fileRef = 846FC00E263FF688006342C7 /* RestaurantDetailViewController.swift */; };
		846FC01C264043E7006342C7 /* RestaurantDetailHeaderView.swift in Sources */ = {isa = PBXBuildFile; fileRef = 846FC01B264043E7006342C7 /* RestaurantDetailHeaderView.swift */; };
		846FC0202640F375006342C7 /* RestaurantDetailIconTextCell.swift in Sources */ = {isa = PBXBuildFile; fileRef = 846FC01F2640F375006342C7 /* RestaurantDetailIconTextCell.swift */; };
		846FC0232640F45F006342C7 /* RestaurantDetailTextCell.swift in Sources */ = {isa = PBXBuildFile; fileRef = 846FC0222640F45F006342C7 /* RestaurantDetailTextCell.swift */; };
		846FC03F26410312006342C7 /* Rubik-BlackItalic.ttf in Resources */ = {isa = PBXBuildFile; fileRef = 846FC03426410311006342C7 /* Rubik-BlackItalic.ttf */; };
		846FC04026410312006342C7 /* Rubik-BoldItalic.ttf in Resources */ = {isa = PBXBuildFile; fileRef = 846FC03526410311006342C7 /* Rubik-BoldItalic.ttf */; };
		846FC04126410312006342C7 /* Rubik-Regular.ttf in Resources */ = {isa = PBXBuildFile; fileRef = 846FC03626410312006342C7 /* Rubik-Regular.ttf */; };
		846FC04226410312006342C7 /* Rubik-Light.ttf in Resources */ = {isa = PBXBuildFile; fileRef = 846FC03726410312006342C7 /* Rubik-Light.ttf */; };
		846FC04326410312006342C7 /* Rubik-Italic.ttf in Resources */ = {isa = PBXBuildFile; fileRef = 846FC03826410312006342C7 /* Rubik-Italic.ttf */; };
		846FC04426410312006342C7 /* Rubik-Black.ttf in Resources */ = {isa = PBXBuildFile; fileRef = 846FC03926410312006342C7 /* Rubik-Black.ttf */; };
		846FC04526410312006342C7 /* OFL.txt in Resources */ = {isa = PBXBuildFile; fileRef = 846FC03A26410312006342C7 /* OFL.txt */; };
		846FC04626410312006342C7 /* Rubik-Bold.ttf in Resources */ = {isa = PBXBuildFile; fileRef = 846FC03B26410312006342C7 /* Rubik-Bold.ttf */; };
		846FC04726410312006342C7 /* Rubik-LightItalic.ttf in Resources */ = {isa = PBXBuildFile; fileRef = 846FC03C26410312006342C7 /* Rubik-LightItalic.ttf */; };
		846FC04826410312006342C7 /* Rubik-Medium.ttf in Resources */ = {isa = PBXBuildFile; fileRef = 846FC03D26410312006342C7 /* Rubik-Medium.ttf */; };
		846FC04926410312006342C7 /* Rubik-MediumItalic.ttf in Resources */ = {isa = PBXBuildFile; fileRef = 846FC03E26410312006342C7 /* Rubik-MediumItalic.ttf */; };
		846FC05026412462006342C7 /* RestaurantDetailSeparatorCell.swift in Sources */ = {isa = PBXBuildFile; fileRef = 846FC04F26412462006342C7 /* RestaurantDetailSeparatorCell.swift */; };
		846FC05326412519006342C7 /* RestaurantDetailMapCell.swift in Sources */ = {isa = PBXBuildFile; fileRef = 846FC05226412519006342C7 /* RestaurantDetailMapCell.swift */; };
		846FC056264131FE006342C7 /* MapViewController.swift in Sources */ = {isa = PBXBuildFile; fileRef = 846FC055264131FD006342C7 /* MapViewController.swift */; };
		8486CE1C2642574F0025D1DC /* ReviewViewController.swift in Sources */ = {isa = PBXBuildFile; fileRef = 8486CE1B2642574F0025D1DC /* ReviewViewController.swift */; };
		8486CE1E26427F360025D1DC /* RoundedTextField.swift in Sources */ = {isa = PBXBuildFile; fileRef = 8486CE1D26427F360025D1DC /* RoundedTextField.swift */; };
		8486CE20264281EA0025D1DC /* NewRestaurantControllerTableViewController.swift in Sources */ = {isa = PBXBuildFile; fileRef = 8486CE1F264281EA0025D1DC /* NewRestaurantControllerTableViewController.swift */; };
		8486CE22264296510025D1DC /* restaurantDATA.db in Resources */ = {isa = PBXBuildFile; fileRef = 8486CE21264296510025D1DC /* restaurantDATA.db */; };
/* End PBXBuildFile section */

/* Begin PBXFileReference section */
		846B7BFD264511A000CA97A4 /* Onboarding.storyboard */ = {isa = PBXFileReference; lastKnownFileType = file.storyboard; path = Onboarding.storyboard; sourceTree = "<group>"; };
		846B7BFF2645195D00CA97A4 /* WalkthroughContentViewController.swift */ = {isa = PBXFileReference; lastKnownFileType = sourcecode.swift; path = WalkthroughContentViewController.swift; sourceTree = "<group>"; };
		846B7C0126451CC700CA97A4 /* WalkthroughPageViewController.swift */ = {isa = PBXFileReference; lastKnownFileType = sourcecode.swift; path = WalkthroughPageViewController.swift; sourceTree = "<group>"; };
		846B7C0326451ED800CA97A4 /* WalkthroughViewController.swift */ = {isa = PBXFileReference; lastKnownFileType = sourcecode.swift; path = WalkthroughViewController.swift; sourceTree = "<group>"; };
		846FBFCA263FDBDD006342C7 /* Food Notes.app */ = {isa = PBXFileReference; explicitFileType = wrapper.application; includeInIndex = 0; path = "Food Notes.app"; sourceTree = BUILT_PRODUCTS_DIR; };
		846FBFCD263FDBDD006342C7 /* AppDelegate.swift */ = {isa = PBXFileReference; lastKnownFileType = sourcecode.swift; path = AppDelegate.swift; sourceTree = "<group>"; };
		846FBFCF263FDBDD006342C7 /* SceneDelegate.swift */ = {isa = PBXFileReference; lastKnownFileType = sourcecode.swift; path = SceneDelegate.swift; sourceTree = "<group>"; };
		846FBFD1263FDBDD006342C7 /* ViewController.swift */ = {isa = PBXFileReference; lastKnownFileType = sourcecode.swift; path = ViewController.swift; sourceTree = "<group>"; };
		846FBFD4263FDBDD006342C7 /* Base */ = {isa = PBXFileReference; lastKnownFileType = file.storyboard; name = Base; path = Base.lproj/Main.storyboard; sourceTree = "<group>"; };
		846FBFD6263FDBDF006342C7 /* Assets.xcassets */ = {isa = PBXFileReference; lastKnownFileType = folder.assetcatalog; path = Assets.xcassets; sourceTree = "<group>"; };
		846FBFD9263FDBDF006342C7 /* Base */ = {isa = PBXFileReference; lastKnownFileType = file.storyboard; name = Base; path = Base.lproj/LaunchScreen.storyboard; sourceTree = "<group>"; };
		846FBFDB263FDBDF006342C7 /* Info.plist */ = {isa = PBXFileReference; lastKnownFileType = text.plist.xml; path = Info.plist; sourceTree = "<group>"; };
		846FBFE5263FDE02006342C7 /* Food Notes-Bridging-Header.h */ = {isa = PBXFileReference; lastKnownFileType = sourcecode.c.h; path = "Food Notes-Bridging-Header.h"; sourceTree = "<group>"; };
		846FBFE6263FDE02006342C7 /* FMDatabase.m */ = {isa = PBXFileReference; fileEncoding = 4; lastKnownFileType = sourcecode.c.objc; path = FMDatabase.m; sourceTree = "<group>"; };
		846FBFE7263FDE02006342C7 /* FMDatabaseAdditions.m */ = {isa = PBXFileReference; fileEncoding = 4; lastKnownFileType = sourcecode.c.objc; path = FMDatabaseAdditions.m; sourceTree = "<group>"; };
		846FBFE8263FDE03006342C7 /* FMResultSet.m */ = {isa = PBXFileReference; fileEncoding = 4; lastKnownFileType = sourcecode.c.objc; path = FMResultSet.m; sourceTree = "<group>"; };
		846FBFE9263FDE03006342C7 /* FMDatabaseQueue.h */ = {isa = PBXFileReference; fileEncoding = 4; lastKnownFileType = sourcecode.c.h; path = FMDatabaseQueue.h; sourceTree = "<group>"; };
		846FBFEA263FDE03006342C7 /* FMDatabaseQueue.m */ = {isa = PBXFileReference; fileEncoding = 4; lastKnownFileType = sourcecode.c.objc; path = FMDatabaseQueue.m; sourceTree = "<group>"; };
		846FBFEB263FDE03006342C7 /* FMDB.h */ = {isa = PBXFileReference; fileEncoding = 4; lastKnownFileType = sourcecode.c.h; path = FMDB.h; sourceTree = "<group>"; };
		846FBFEC263FDE03006342C7 /* FMDatabasePool.m */ = {isa = PBXFileReference; fileEncoding = 4; lastKnownFileType = sourcecode.c.objc; path = FMDatabasePool.m; sourceTree = "<group>"; };
		846FBFED263FDE03006342C7 /* FMDatabaseAdditions.h */ = {isa = PBXFileReference; fileEncoding = 4; lastKnownFileType = sourcecode.c.h; path = FMDatabaseAdditions.h; sourceTree = "<group>"; };
		846FBFEE263FDE03006342C7 /* FMResultSet.h */ = {isa = PBXFileReference; fileEncoding = 4; lastKnownFileType = sourcecode.c.h; path = FMResultSet.h; sourceTree = "<group>"; };
		846FBFEF263FDE03006342C7 /* FMDatabasePool.h */ = {isa = PBXFileReference; fileEncoding = 4; lastKnownFileType = sourcecode.c.h; path = FMDatabasePool.h; sourceTree = "<group>"; };
		846FBFF0263FDE03006342C7 /* FMDatabase.h */ = {isa = PBXFileReference; fileEncoding = 4; lastKnownFileType = sourcecode.c.h; path = FMDatabase.h; sourceTree = "<group>"; };
		846FBFF8263FDE50006342C7 /* Restaurant.swift */ = {isa = PBXFileReference; lastKnownFileType = sourcecode.swift; path = Restaurant.swift; sourceTree = "<group>"; };
		846FBFFB263FDE5A006342C7 /* RestaurantDAO.swift */ = {isa = PBXFileReference; lastKnownFileType = sourcecode.swift; path = RestaurantDAO.swift; sourceTree = "<group>"; };
		846FC002263FDED2006342C7 /* RestaurantTableViewController.swift */ = {isa = PBXFileReference; lastKnownFileType = sourcecode.swift; path = RestaurantTableViewController.swift; sourceTree = "<group>"; };
		846FC006263FDEF5006342C7 /* RestaurantTableViewCell.swift */ = {isa = PBXFileReference; lastKnownFileType = sourcecode.swift; path = RestaurantTableViewCell.swift; sourceTree = "<group>"; };
		846FC00E263FF688006342C7 /* RestaurantDetailViewController.swift */ = {isa = PBXFileReference; lastKnownFileType = sourcecode.swift; path = RestaurantDetailViewController.swift; sourceTree = "<group>"; };
		846FC01B264043E7006342C7 /* RestaurantDetailHeaderView.swift */ = {isa = PBXFileReference; lastKnownFileType = sourcecode.swift; path = RestaurantDetailHeaderView.swift; sourceTree = "<group>"; };
		846FC01F2640F375006342C7 /* RestaurantDetailIconTextCell.swift */ = {isa = PBXFileReference; lastKnownFileType = sourcecode.swift; path = RestaurantDetailIconTextCell.swift; sourceTree = "<group>"; };
		846FC0222640F45F006342C7 /* RestaurantDetailTextCell.swift */ = {isa = PBXFileReference; lastKnownFileType = sourcecode.swift; path = RestaurantDetailTextCell.swift; sourceTree = "<group>"; };
		846FC03426410311006342C7 /* Rubik-BlackItalic.ttf */ = {isa = PBXFileReference; lastKnownFileType = file; path = "Rubik-BlackItalic.ttf"; sourceTree = "<group>"; };
		846FC03526410311006342C7 /* Rubik-BoldItalic.ttf */ = {isa = PBXFileReference; lastKnownFileType = file; path = "Rubik-BoldItalic.ttf"; sourceTree = "<group>"; };
		846FC03626410312006342C7 /* Rubik-Regular.ttf */ = {isa = PBXFileReference; lastKnownFileType = file; path = "Rubik-Regular.ttf"; sourceTree = "<group>"; };
		846FC03726410312006342C7 /* Rubik-Light.ttf */ = {isa = PBXFileReference; lastKnownFileType = file; path = "Rubik-Light.ttf"; sourceTree = "<group>"; };
		846FC03826410312006342C7 /* Rubik-Italic.ttf */ = {isa = PBXFileReference; lastKnownFileType = file; path = "Rubik-Italic.ttf"; sourceTree = "<group>"; };
		846FC03926410312006342C7 /* Rubik-Black.ttf */ = {isa = PBXFileReference; lastKnownFileType = file; path = "Rubik-Black.ttf"; sourceTree = "<group>"; };
		846FC03A26410312006342C7 /* OFL.txt */ = {isa = PBXFileReference; fileEncoding = 4; lastKnownFileType = text; path = OFL.txt; sourceTree = "<group>"; };
		846FC03B26410312006342C7 /* Rubik-Bold.ttf */ = {isa = PBXFileReference; lastKnownFileType = file; path = "Rubik-Bold.ttf"; sourceTree = "<group>"; };
		846FC03C26410312006342C7 /* Rubik-LightItalic.ttf */ = {isa = PBXFileReference; lastKnownFileType = file; path = "Rubik-LightItalic.ttf"; sourceTree = "<group>"; };
		846FC03D26410312006342C7 /* Rubik-Medium.ttf */ = {isa = PBXFileReference; lastKnownFileType = file; path = "Rubik-Medium.ttf"; sourceTree = "<group>"; };
		846FC03E26410312006342C7 /* Rubik-MediumItalic.ttf */ = {isa = PBXFileReference; lastKnownFileType = file; path = "Rubik-MediumItalic.ttf"; sourceTree = "<group>"; };
		846FC04F26412462006342C7 /* RestaurantDetailSeparatorCell.swift */ = {isa = PBXFileReference; lastKnownFileType = sourcecode.swift; path = RestaurantDetailSeparatorCell.swift; sourceTree = "<group>"; };
		846FC05226412519006342C7 /* RestaurantDetailMapCell.swift */ = {isa = PBXFileReference; lastKnownFileType = sourcecode.swift; path = RestaurantDetailMapCell.swift; sourceTree = "<group>"; };
		846FC055264131FD006342C7 /* MapViewController.swift */ = {isa = PBXFileReference; lastKnownFileType = sourcecode.swift; path = MapViewController.swift; sourceTree = "<group>"; };
		8486CE1B2642574F0025D1DC /* ReviewViewController.swift */ = {isa = PBXFileReference; lastKnownFileType = sourcecode.swift; path = ReviewViewController.swift; sourceTree = "<group>"; };
		8486CE1D26427F360025D1DC /* RoundedTextField.swift */ = {isa = PBXFileReference; lastKnownFileType = sourcecode.swift; path = RoundedTextField.swift; sourceTree = "<group>"; };
		8486CE1F264281EA0025D1DC /* NewRestaurantControllerTableViewController.swift */ = {isa = PBXFileReference; lastKnownFileType = sourcecode.swift; path = NewRestaurantControllerTableViewController.swift; sourceTree = "<group>"; };
		8486CE21264296510025D1DC /* restaurantDATA.db */ = {isa = PBXFileReference; lastKnownFileType = file; path = restaurantDATA.db; sourceTree = "<group>"; };
/* End PBXFileReference section */

/* Begin PBXFrameworksBuildPhase section */
		846FBFC7263FDBDD006342C7 /* Frameworks */ = {
			isa = PBXFrameworksBuildPhase;
			buildActionMask = 2147483647;
			files = (
			);
			runOnlyForDeploymentPostprocessing = 0;
		};
/* End PBXFrameworksBuildPhase section */

/* Begin PBXGroup section */
		846FBFC1263FDBDD006342C7 = {
			isa = PBXGroup;
			children = (
				846FBFCC263FDBDD006342C7 /* Food Notes */,
				846FBFCB263FDBDD006342C7 /* Products */,
			);
			sourceTree = "<group>";
		};
		846FBFCB263FDBDD006342C7 /* Products */ = {
			isa = PBXGroup;
			children = (
				846FBFCA263FDBDD006342C7 /* Food Notes.app */,
			);
			name = Products;
			sourceTree = "<group>";
		};
		846FBFCC263FDBDD006342C7 /* Food Notes */ = {
			isa = PBXGroup;
			children = (
				846FC032264102FF006342C7 /* Resources */,
				846FBFE4263FDDEB006342C7 /* fmdb */,
				846FBFF7263FDE3B006342C7 /* Model */,
				846FC0152640405A006342C7 /* View */,
				846FC001263FDE92006342C7 /* Controller */,
				846FC04D264120C8006342C7 /* Storyboard */,
				846FBFCD263FDBDD006342C7 /* AppDelegate.swift */,
				846FBFCF263FDBDD006342C7 /* SceneDelegate.swift */,
				846FBFD1263FDBDD006342C7 /* ViewController.swift */,
				846FBFD6263FDBDF006342C7 /* Assets.xcassets */,
				846FBFD8263FDBDF006342C7 /* LaunchScreen.storyboard */,
				846FBFDB263FDBDF006342C7 /* Info.plist */,
			);
			path = "Food Notes";
			sourceTree = "<group>";
		};
		846FBFE4263FDDEB006342C7 /* fmdb */ = {
			isa = PBXGroup;
			children = (
				846FBFF0263FDE03006342C7 /* FMDatabase.h */,
				846FBFE6263FDE02006342C7 /* FMDatabase.m */,
				846FBFED263FDE03006342C7 /* FMDatabaseAdditions.h */,
				846FBFE7263FDE02006342C7 /* FMDatabaseAdditions.m */,
				846FBFEF263FDE03006342C7 /* FMDatabasePool.h */,
				846FBFEC263FDE03006342C7 /* FMDatabasePool.m */,
				846FBFE9263FDE03006342C7 /* FMDatabaseQueue.h */,
				846FBFEA263FDE03006342C7 /* FMDatabaseQueue.m */,
				846FBFEB263FDE03006342C7 /* FMDB.h */,
				846FBFEE263FDE03006342C7 /* FMResultSet.h */,
				846FBFE8263FDE03006342C7 /* FMResultSet.m */,
				846FBFE5263FDE02006342C7 /* Food Notes-Bridging-Header.h */,
			);
			path = fmdb;
			sourceTree = "<group>";
		};
		846FBFF7263FDE3B006342C7 /* Model */ = {
			isa = PBXGroup;
			children = (
				8486CE21264296510025D1DC /* restaurantDATA.db */,
				846FBFF8263FDE50006342C7 /* Restaurant.swift */,
				846FBFFB263FDE5A006342C7 /* RestaurantDAO.swift */,
			);
			path = Model;
			sourceTree = "<group>";
		};
		846FC001263FDE92006342C7 /* Controller */ = {
			isa = PBXGroup;
			children = (
				846FC002263FDED2006342C7 /* RestaurantTableViewController.swift */,
				846FC00E263FF688006342C7 /* RestaurantDetailViewController.swift */,
				846FC055264131FD006342C7 /* MapViewController.swift */,
				8486CE1B2642574F0025D1DC /* ReviewViewController.swift */,
				8486CE1F264281EA0025D1DC /* NewRestaurantControllerTableViewController.swift */,
				846B7BFF2645195D00CA97A4 /* WalkthroughContentViewController.swift */,
				846B7C0126451CC700CA97A4 /* WalkthroughPageViewController.swift */,
				846B7C0326451ED800CA97A4 /* WalkthroughViewController.swift */,
			);
			path = Controller;
			sourceTree = "<group>";
		};
		846FC0152640405A006342C7 /* View */ = {
			isa = PBXGroup;
			children = (
				846FC006263FDEF5006342C7 /* RestaurantTableViewCell.swift */,
				846FC01B264043E7006342C7 /* RestaurantDetailHeaderView.swift */,
				846FC01F2640F375006342C7 /* RestaurantDetailIconTextCell.swift */,
				846FC0222640F45F006342C7 /* RestaurantDetailTextCell.swift */,
				846FC04F26412462006342C7 /* RestaurantDetailSeparatorCell.swift */,
				846FC05226412519006342C7 /* RestaurantDetailMapCell.swift */,
				8486CE1D26427F360025D1DC /* RoundedTextField.swift */,
			);
			path = View;
			sourceTree = "<group>";
		};
		846FC032264102FF006342C7 /* Resources */ = {
			isa = PBXGroup;
			children = (
				846FC03326410307006342C7 /* Fonts */,
			);
			path = Resources;
			sourceTree = "<group>";
		};
		846FC03326410307006342C7 /* Fonts */ = {
			isa = PBXGroup;
			children = (
				846FC03A26410312006342C7 /* OFL.txt */,
				846FC03926410312006342C7 /* Rubik-Black.ttf */,
				846FC03426410311006342C7 /* Rubik-BlackItalic.ttf */,
				846FC03B26410312006342C7 /* Rubik-Bold.ttf */,
				846FC03526410311006342C7 /* Rubik-BoldItalic.ttf */,
				846FC03826410312006342C7 /* Rubik-Italic.ttf */,
				846FC03726410312006342C7 /* Rubik-Light.ttf */,
				846FC03C26410312006342C7 /* Rubik-LightItalic.ttf */,
				846FC03D26410312006342C7 /* Rubik-Medium.ttf */,
				846FC03E26410312006342C7 /* Rubik-MediumItalic.ttf */,
				846FC03626410312006342C7 /* Rubik-Regular.ttf */,
			);
			path = Fonts;
			sourceTree = "<group>";
		};
		846FC04D264120C8006342C7 /* Storyboard */ = {
			isa = PBXGroup;
			children = (
				846FBFD3263FDBDD006342C7 /* Main.storyboard */,
				846B7BFD264511A000CA97A4 /* Onboarding.storyboard */,
			);
			path = Storyboard;
			sourceTree = "<group>";
		};
/* End PBXGroup section */

/* Begin PBXNativeTarget section */
		846FBFC9263FDBDD006342C7 /* Food Notes */ = {
			isa = PBXNativeTarget;
			buildConfigurationList = 846FBFDE263FDBDF006342C7 /* Build configuration list for PBXNativeTarget "Food Notes" */;
			buildPhases = (
				846FBFC6263FDBDD006342C7 /* Sources */,
				846FBFC7263FDBDD006342C7 /* Frameworks */,
				846FBFC8263FDBDD006342C7 /* Resources */,
			);
			buildRules = (
			);
			dependencies = (
			);
			name = "Food Notes";
			productName = "Food Notes";
			productReference = 846FBFCA263FDBDD006342C7 /* Food Notes.app */;
			productType = "com.apple.product-type.application";
		};
/* End PBXNativeTarget section */

/* Begin PBXProject section */
		846FBFC2263FDBDD006342C7 /* Project object */ = {
			isa = PBXProject;
			attributes = {
				LastSwiftUpdateCheck = 1240;
				LastUpgradeCheck = 1240;
				TargetAttributes = {
					846FBFC9263FDBDD006342C7 = {
						CreatedOnToolsVersion = 12.4;
						LastSwiftMigration = 1240;
					};
				};
			};
			buildConfigurationList = 846FBFC5263FDBDD006342C7 /* Build configuration list for PBXProject "Food Notes" */;
			compatibilityVersion = "Xcode 9.3";
			developmentRegion = en;
			hasScannedForEncodings = 0;
			knownRegions = (
				en,
				Base,
			);
			mainGroup = 846FBFC1263FDBDD006342C7;
			productRefGroup = 846FBFCB263FDBDD006342C7 /* Products */;
			projectDirPath = "";
			projectRoot = "";
			targets = (
				846FBFC9263FDBDD006342C7 /* Food Notes */,
			);
		};
/* End PBXProject section */

/* Begin PBXResourcesBuildPhase section */
		846FBFC8263FDBDD006342C7 /* Resources */ = {
			isa = PBXResourcesBuildPhase;
			buildActionMask = 2147483647;
			files = (
				846FC03F26410312006342C7 /* Rubik-BlackItalic.ttf in Resources */,
				846FC04626410312006342C7 /* Rubik-Bold.ttf in Resources */,
				846FC04526410312006342C7 /* OFL.txt in Resources */,
				846FC04126410312006342C7 /* Rubik-Regular.ttf in Resources */,
				8486CE22264296510025D1DC /* restaurantDATA.db in Resources */,
				846FC04026410312006342C7 /* Rubik-BoldItalic.ttf in Resources */,
				846FBFDA263FDBDF006342C7 /* LaunchScreen.storyboard in Resources */,
				846FC04926410312006342C7 /* Rubik-MediumItalic.ttf in Resources */,
				846FC04726410312006342C7 /* Rubik-LightItalic.ttf in Resources */,
				846FC04326410312006342C7 /* Rubik-Italic.ttf in Resources */,
				846FC04226410312006342C7 /* Rubik-Light.ttf in Resources */,
				846FBFD7263FDBDF006342C7 /* Assets.xcassets in Resources */,
				846FC04426410312006342C7 /* Rubik-Black.ttf in Resources */,
				846FBFD5263FDBDD006342C7 /* Main.storyboard in Resources */,
				846FC04826410312006342C7 /* Rubik-Medium.ttf in Resources */,
				846B7BFE264511A000CA97A4 /* Onboarding.storyboard in Resources */,
			);
			runOnlyForDeploymentPostprocessing = 0;
		};
/* End PBXResourcesBuildPhase section */

/* Begin PBXSourcesBuildPhase section */
		846FBFC6263FDBDD006342C7 /* Sources */ = {
			isa = PBXSourcesBuildPhase;
			buildActionMask = 2147483647;
			files = (
				846FBFF3263FDE03006342C7 /* FMResultSet.m in Sources */,
				8486CE20264281EA0025D1DC /* NewRestaurantControllerTableViewController.swift in Sources */,
				846FC0202640F375006342C7 /* RestaurantDetailIconTextCell.swift in Sources */,
				8486CE1C2642574F0025D1DC /* ReviewViewController.swift in Sources */,
				846FC05326412519006342C7 /* RestaurantDetailMapCell.swift in Sources */,
				8486CE1E26427F360025D1DC /* RoundedTextField.swift in Sources */,
				846FBFFC263FDE5A006342C7 /* RestaurantDAO.swift in Sources */,
				846FBFD2263FDBDD006342C7 /* ViewController.swift in Sources */,
				846FBFCE263FDBDD006342C7 /* AppDelegate.swift in Sources */,
				846FC007263FDEF5006342C7 /* RestaurantTableViewCell.swift in Sources */,
				846FC056264131FE006342C7 /* MapViewController.swift in Sources */,
				846FBFF4263FDE03006342C7 /* FMDatabaseQueue.m in Sources */,
				846FC00F263FF688006342C7 /* RestaurantDetailViewController.swift in Sources */,
				846FC05026412462006342C7 /* RestaurantDetailSeparatorCell.swift in Sources */,
				846FC003263FDED2006342C7 /* RestaurantTableViewController.swift in Sources */,
				846FBFD0263FDBDD006342C7 /* SceneDelegate.swift in Sources */,
				846FC0232640F45F006342C7 /* RestaurantDetailTextCell.swift in Sources */,
				846FBFF5263FDE03006342C7 /* FMDatabasePool.m in Sources */,
				846B7C0226451CC700CA97A4 /* WalkthroughPageViewController.swift in Sources */,
				846FC01C264043E7006342C7 /* RestaurantDetailHeaderView.swift in Sources */,
				846FBFF1263FDE03006342C7 /* FMDatabase.m in Sources */,
				846B7C002645195D00CA97A4 /* WalkthroughContentViewController.swift in Sources */,
				846FBFF2263FDE03006342C7 /* FMDatabaseAdditions.m in Sources */,
				846FBFF9263FDE50006342C7 /* Restaurant.swift in Sources */,
				846B7C0426451ED800CA97A4 /* WalkthroughViewController.swift in Sources */,
			);
			runOnlyForDeploymentPostprocessing = 0;
		};
/* End PBXSourcesBuildPhase section */

/* Begin PBXVariantGroup section */
		846FBFD3263FDBDD006342C7 /* Main.storyboard */ = {
			isa = PBXVariantGroup;
			children = (
				846FBFD4263FDBDD006342C7 /* Base */,
			);
			name = Main.storyboard;
			sourceTree = "<group>";
		};
		846FBFD8263FDBDF006342C7 /* LaunchScreen.storyboard */ = {
			isa = PBXVariantGroup;
			children = (
				846FBFD9263FDBDF006342C7 /* Base */,
			);
			name = LaunchScreen.storyboard;
			sourceTree = "<group>";
		};
/* End PBXVariantGroup section */

/* Begin XCBuildConfiguration section */
		846FBFDC263FDBDF006342C7 /* Debug */ = {
			isa = XCBuildConfiguration;
			buildSettings = {
				ALWAYS_SEARCH_USER_PATHS = NO;
				CLANG_ANALYZER_NONNULL = YES;
				CLANG_ANALYZER_NUMBER_OBJECT_CONVERSION = YES_AGGRESSIVE;
				CLANG_CXX_LANGUAGE_STANDARD = "gnu++14";
				CLANG_CXX_LIBRARY = "libc++";
				CLANG_ENABLE_MODULES = YES;
				CLANG_ENABLE_OBJC_ARC = YES;
				CLANG_ENABLE_OBJC_WEAK = YES;
				CLANG_WARN_BLOCK_CAPTURE_AUTORELEASING = YES;
				CLANG_WARN_BOOL_CONVERSION = YES;
				CLANG_WARN_COMMA = YES;
				CLANG_WARN_CONSTANT_CONVERSION = YES;
				CLANG_WARN_DEPRECATED_OBJC_IMPLEMENTATIONS = YES;
				CLANG_WARN_DIRECT_OBJC_ISA_USAGE = YES_ERROR;
				CLANG_WARN_DOCUMENTATION_COMMENTS = YES;
				CLANG_WARN_EMPTY_BODY = YES;
				CLANG_WARN_ENUM_CONVERSION = YES;
				CLANG_WARN_INFINITE_RECURSION = YES;
				CLANG_WARN_INT_CONVERSION = YES;
				CLANG_WARN_NON_LITERAL_NULL_CONVERSION = YES;
				CLANG_WARN_OBJC_IMPLICIT_RETAIN_SELF = YES;
				CLANG_WARN_OBJC_LITERAL_CONVERSION = YES;
				CLANG_WARN_OBJC_ROOT_CLASS = YES_ERROR;
				CLANG_WARN_QUOTED_INCLUDE_IN_FRAMEWORK_HEADER = YES;
				CLANG_WARN_RANGE_LOOP_ANALYSIS = YES;
				CLANG_WARN_STRICT_PROTOTYPES = YES;
				CLANG_WARN_SUSPICIOUS_MOVE = YES;
				CLANG_WARN_UNGUARDED_AVAILABILITY = YES_AGGRESSIVE;
				CLANG_WARN_UNREACHABLE_CODE = YES;
				CLANG_WARN__DUPLICATE_METHOD_MATCH = YES;
				COPY_PHASE_STRIP = NO;
				DEBUG_INFORMATION_FORMAT = dwarf;
				ENABLE_STRICT_OBJC_MSGSEND = YES;
				ENABLE_TESTABILITY = YES;
				GCC_C_LANGUAGE_STANDARD = gnu11;
				GCC_DYNAMIC_NO_PIC = NO;
				GCC_NO_COMMON_BLOCKS = YES;
				GCC_OPTIMIZATION_LEVEL = 0;
				GCC_PREPROCESSOR_DEFINITIONS = (
					"DEBUG=1",
					"$(inherited)",
				);
				GCC_WARN_64_TO_32_BIT_CONVERSION = YES;
				GCC_WARN_ABOUT_RETURN_TYPE = YES_ERROR;
				GCC_WARN_UNDECLARED_SELECTOR = YES;
				GCC_WARN_UNINITIALIZED_AUTOS = YES_AGGRESSIVE;
				GCC_WARN_UNUSED_FUNCTION = YES;
				GCC_WARN_UNUSED_VARIABLE = YES;
				IPHONEOS_DEPLOYMENT_TARGET = 14.4;
				MTL_ENABLE_DEBUG_INFO = INCLUDE_SOURCE;
				MTL_FAST_MATH = YES;
				ONLY_ACTIVE_ARCH = YES;
				SDKROOT = iphoneos;
				SWIFT_ACTIVE_COMPILATION_CONDITIONS = DEBUG;
				SWIFT_OPTIMIZATION_LEVEL = "-Onone";
			};
			name = Debug;
		};
		846FBFDD263FDBDF006342C7 /* Release */ = {
			isa = XCBuildConfiguration;
			buildSettings = {
				ALWAYS_SEARCH_USER_PATHS = NO;
				CLANG_ANALYZER_NONNULL = YES;
				CLANG_ANALYZER_NUMBER_OBJECT_CONVERSION = YES_AGGRESSIVE;
				CLANG_CXX_LANGUAGE_STANDARD = "gnu++14";
				CLANG_CXX_LIBRARY = "libc++";
				CLANG_ENABLE_MODULES = YES;
				CLANG_ENABLE_OBJC_ARC = YES;
				CLANG_ENABLE_OBJC_WEAK = YES;
				CLANG_WARN_BLOCK_CAPTURE_AUTORELEASING = YES;
				CLANG_WARN_BOOL_CONVERSION = YES;
				CLANG_WARN_COMMA = YES;
				CLANG_WARN_CONSTANT_CONVERSION = YES;
				CLANG_WARN_DEPRECATED_OBJC_IMPLEMENTATIONS = YES;
				CLANG_WARN_DIRECT_OBJC_ISA_USAGE = YES_ERROR;
				CLANG_WARN_DOCUMENTATION_COMMENTS = YES;
				CLANG_WARN_EMPTY_BODY = YES;
				CLANG_WARN_ENUM_CONVERSION = YES;
				CLANG_WARN_INFINITE_RECURSION = YES;
				CLANG_WARN_INT_CONVERSION = YES;
				CLANG_WARN_NON_LITERAL_NULL_CONVERSION = YES;
				CLANG_WARN_OBJC_IMPLICIT_RETAIN_SELF = YES;
				CLANG_WARN_OBJC_LITERAL_CONVERSION = YES;
				CLANG_WARN_OBJC_ROOT_CLASS = YES_ERROR;
				CLANG_WARN_QUOTED_INCLUDE_IN_FRAMEWORK_HEADER = YES;
				CLANG_WARN_RANGE_LOOP_ANALYSIS = YES;
				CLANG_WARN_STRICT_PROTOTYPES = YES;
				CLANG_WARN_SUSPICIOUS_MOVE = YES;
				CLANG_WARN_UNGUARDED_AVAILABILITY = YES_AGGRESSIVE;
				CLANG_WARN_UNREACHABLE_CODE = YES;
				CLANG_WARN__DUPLICATE_METHOD_MATCH = YES;
				COPY_PHASE_STRIP = NO;
				DEBUG_INFORMATION_FORMAT = "dwarf-with-dsym";
				ENABLE_NS_ASSERTIONS = NO;
				ENABLE_STRICT_OBJC_MSGSEND = YES;
				GCC_C_LANGUAGE_STANDARD = gnu11;
				GCC_NO_COMMON_BLOCKS = YES;
				GCC_WARN_64_TO_32_BIT_CONVERSION = YES;
				GCC_WARN_ABOUT_RETURN_TYPE = YES_ERROR;
				GCC_WARN_UNDECLARED_SELECTOR = YES;
				GCC_WARN_UNINITIALIZED_AUTOS = YES_AGGRESSIVE;
				GCC_WARN_UNUSED_FUNCTION = YES;
				GCC_WARN_UNUSED_VARIABLE = YES;
				IPHONEOS_DEPLOYMENT_TARGET = 14.4;
				MTL_ENABLE_DEBUG_INFO = NO;
				MTL_FAST_MATH = YES;
				SDKROOT = iphoneos;
				SWIFT_COMPILATION_MODE = wholemodule;
				SWIFT_OPTIMIZATION_LEVEL = "-O";
				VALIDATE_PRODUCT = YES;
			};
			name = Release;
		};
		846FBFDF263FDBDF006342C7 /* Debug */ = {
			isa = XCBuildConfiguration;
			buildSettings = {
				ASSETCATALOG_COMPILER_APPICON_NAME = AppIcon;
				ASSETCATALOG_COMPILER_GLOBAL_ACCENT_COLOR_NAME = AccentColor;
				CLANG_ENABLE_MODULES = YES;
				CODE_SIGN_STYLE = Automatic;
				DEVELOPMENT_TEAM = DW3LLGL2A3;
				INFOPLIST_FILE = "Food Notes/Info.plist";
				LD_RUNPATH_SEARCH_PATHS = (
					"$(inherited)",
					"@executable_path/Frameworks",
				);
				PRODUCT_BUNDLE_IDENTIFIER = "tw.com.uuu.Food-Notes";
				PRODUCT_NAME = "$(TARGET_NAME)";
				SWIFT_OBJC_BRIDGING_HEADER = "Food Notes/fmdb/Food Notes-Bridging-Header.h";
				SWIFT_OPTIMIZATION_LEVEL = "-Onone";
				SWIFT_VERSION = 5.0;
				TARGETED_DEVICE_FAMILY = "1,2";
			};
			name = Debug;
		};
		846FBFE0263FDBDF006342C7 /* Release */ = {
			isa = XCBuildConfiguration;
			buildSettings = {
				ASSETCATALOG_COMPILER_APPICON_NAME = AppIcon;
				ASSETCATALOG_COMPILER_GLOBAL_ACCENT_COLOR_NAME = AccentColor;
				CLANG_ENABLE_MODULES = YES;
				CODE_SIGN_STYLE = Automatic;
				DEVELOPMENT_TEAM = DW3LLGL2A3;
				INFOPLIST_FILE = "Food Notes/Info.plist";
				LD_RUNPATH_SEARCH_PATHS = (
					"$(inherited)",
					"@executable_path/Frameworks",
				);
				PRODUCT_BUNDLE_IDENTIFIER = "tw.com.uuu.Food-Notes";
				PRODUCT_NAME = "$(TARGET_NAME)";
				SWIFT_OBJC_BRIDGING_HEADER = "Food Notes/fmdb/Food Notes-Bridging-Header.h";
				SWIFT_VERSION = 5.0;
				TARGETED_DEVICE_FAMILY = "1,2";
			};
			name = Release;
		};
/* End XCBuildConfiguration section */

/* Begin XCConfigurationList section */
		846FBFC5263FDBDD006342C7 /* Build configuration list for PBXProject "Food Notes" */ = {
			isa = XCConfigurationList;
			buildConfigurations = (
				846FBFDC263FDBDF006342C7 /* Debug */,
				846FBFDD263FDBDF006342C7 /* Release */,
			);
			defaultConfigurationIsVisible = 0;
			defaultConfigurationName = Release;
		};
		846FBFDE263FDBDF006342C7 /* Build configuration list for PBXNativeTarget "Food Notes" */ = {
			isa = XCConfigurationList;
			buildConfigurations = (
				846FBFDF263FDBDF006342C7 /* Debug */,
				846FBFE0263FDBDF006342C7 /* Release */,
			);
			defaultConfigurationIsVisible = 0;
			defaultConfigurationName = Release;
		};
/* End XCConfigurationList section */
	};
	rootObject = 846FBFC2263FDBDD006342C7 /* Project object */;
}
